// !$*UTF8*$!
{
	archiveVersion = 1;
	classes = {
	};
	objectVersion = 50;
	objects = {

/* Begin PBXBuildFile section */
		3D8954D120CA7C5B00C104EC /* AppDelegate.m in Sources */ = {isa = PBXBuildFile; fileRef = 3D8954D020CA7C5B00C104EC /* AppDelegate.m */; };
		3D8954D420CA7C5B00C104EC /* ViewController.m in Sources */ = {isa = PBXBuildFile; fileRef = 3D8954D320CA7C5B00C104EC /* ViewController.m */; };
		3D8954D720CA7C5B00C104EC /* Main.storyboard in Resources */ = {isa = PBXBuildFile; fileRef = 3D8954D520CA7C5B00C104EC /* Main.storyboard */; };
		3D8954D920CA7C5C00C104EC /* Assets.xcassets in Resources */ = {isa = PBXBuildFile; fileRef = 3D8954D820CA7C5C00C104EC /* Assets.xcassets */; };
		3D8954DC20CA7C5C00C104EC /* LaunchScreen.storyboard in Resources */ = {isa = PBXBuildFile; fileRef = 3D8954DA20CA7C5C00C104EC /* LaunchScreen.storyboard */; };
		3D8954DF20CA7C5C00C104EC /* main.m in Sources */ = {isa = PBXBuildFile; fileRef = 3D8954DE20CA7C5C00C104EC /* main.m */; };
/* End PBXBuildFile section */

/* Begin PBXFileReference section */
		3D8954CC20CA7C5B00C104EC /* Dafa.app */ = {isa = PBXFileReference; explicitFileType = wrapper.application; includeInIndex = 0; path = Dafa.app; sourceTree = BUILT_PRODUCTS_DIR; };
		3D8954CF20CA7C5B00C104EC /* AppDelegate.h */ = {isa = PBXFileReference; lastKnownFileType = sourcecode.c.h; path = AppDelegate.h; sourceTree = "<group>"; };
		3D8954D020CA7C5B00C104EC /* AppDelegate.m */ = {isa = PBXFileReference; lastKnownFileType = sourcecode.c.objc; path = AppDelegate.m; sourceTree = "<group>"; };
		3D8954D220CA7C5B00C104EC /* ViewController.h */ = {isa = PBXFileReference; lastKnownFileType = sourcecode.c.h; path = ViewController.h; sourceTree = "<group>"; };
		3D8954D320CA7C5B00C104EC /* ViewController.m */ = {isa = PBXFileReference; lastKnownFileType = sourcecode.c.objc; path = ViewController.m; sourceTree = "<group>"; };
		3D8954D620CA7C5B00C104EC /* Base */ = {isa = PBXFileReference; lastKnownFileType = file.storyboard; name = Base; path = Base.lproj/Main.storyboard; sourceTree = "<group>"; };
		3D8954D820CA7C5C00C104EC /* Assets.xcassets */ = {isa = PBXFileReference; lastKnownFileType = folder.assetcatalog; path = Assets.xcassets; sourceTree = "<group>"; };
		3D8954DB20CA7C5C00C104EC /* Base */ = {isa = PBXFileReference; lastKnownFileType = file.storyboard; name = Base; path = Base.lproj/LaunchScreen.storyboard; sourceTree = "<group>"; };
		3D8954DD20CA7C5C00C104EC /* Info.plist */ = {isa = PBXFileReference; lastKnownFileType = text.plist.xml; path = Info.plist; sourceTree = "<group>"; };
		3D8954DE20CA7C5C00C104EC /* main.m */ = {isa = PBXFileReference; lastKnownFileType = sourcecode.c.objc; path = main.m; sourceTree = "<group>"; };
/* End PBXFileReference section */

/* Begin PBXFrameworksBuildPhase section */
		3D8954C920CA7C5B00C104EC /* Frameworks */ = {
			isa = PBXFrameworksBuildPhase;
			buildActionMask = 2147483647;
			files = (
			);
			runOnlyForDeploymentPostprocessing = 0;
		};
/* End PBXFrameworksBuildPhase section */

/* Begin PBXGroup section */
		3D8954C320CA7C5A00C104EC = {
			isa = PBXGroup;
			children = (
				3D8954CE20CA7C5B00C104EC /* Dafa */,
				3D8954CD20CA7C5B00C104EC /* Products */,
			);
			sourceTree = "<group>";
		};
		3D8954CD20CA7C5B00C104EC /* Products */ = {
			isa = PBXGroup;
			children = (
				3D8954CC20CA7C5B00C104EC /* Dafa.app */,
			);
			name = Products;
			sourceTree = "<group>";
		};
		3D8954CE20CA7C5B00C104EC /* Dafa */ = {
			isa = PBXGroup;
			children = (
				3D8954CF20CA7C5B00C104EC /* AppDelegate.h */,
				3D8954D020CA7C5B00C104EC /* AppDelegate.m */,
				3D8954D220CA7C5B00C104EC /* ViewController.h */,
				3D8954D320CA7C5B00C104EC /* ViewController.m */,
				3D8954D520CA7C5B00C104EC /* Main.storyboard */,
				3D8954D820CA7C5C00C104EC /* Assets.xcassets */,
				3D8954DA20CA7C5C00C104EC /* LaunchScreen.storyboard */,
				3D8954DD20CA7C5C00C104EC /* Info.plist */,
				3D8954DE20CA7C5C00C104EC /* main.m */,
			);
			path = Dafa;
			sourceTree = "<group>";
		};
/* End PBXGroup section */

/* Begin PBXNativeTarget section */
		3D8954CB20CA7C5B00C104EC /* Dafa */ = {
			isa = PBXNativeTarget;
			buildConfigurationList = 3D8954E220CA7C5C00C104EC /* Build configuration list for PBXNativeTarget "Dafa" */;
			buildPhases = (
				3D8954C820CA7C5B00C104EC /* Sources */,
				3D8954C920CA7C5B00C104EC /* Frameworks */,
				3D8954CA20CA7C5B00C104EC /* Resources */,
			);
			buildRules = (
			);
			dependencies = (
			);
			name = Dafa;
			productName = Dafa;
			productReference = 3D8954CC20CA7C5B00C104EC /* Dafa.app */;
			productType = "com.apple.product-type.application";
		};
/* End PBXNativeTarget section */

/* Begin PBXProject section */
		3D8954C420CA7C5A00C104EC /* Project object */ = {
			isa = PBXProject;
			attributes = {
				LastUpgradeCheck = 0930;
				ORGANIZATIONNAME = Unity;
				TargetAttributes = {
					3D8954CB20CA7C5B00C104EC = {
						CreatedOnToolsVersion = 9.3;
					};
				};
			};
			buildConfigurationList = 3D8954C720CA7C5A00C104EC /* Build configuration list for PBXProject "Dafa" */;
			compatibilityVersion = "Xcode 9.3";
			developmentRegion = en;
			hasScannedForEncodings = 0;
			knownRegions = (
				en,
				Base,
			);
			mainGroup = 3D8954C320CA7C5A00C104EC;
			productRefGroup = 3D8954CD20CA7C5B00C104EC /* Products */;
			projectDirPath = "";
			projectRoot = "";
			targets = (
				3D8954CB20CA7C5B00C104EC /* Dafa */,
			);
		};
/* End PBXProject section */

/* Begin PBXResourcesBuildPhase section */
		3D8954CA20CA7C5B00C104EC /* Resources */ = {
			isa = PBXResourcesBuildPhase;
			buildActionMask = 2147483647;
			files = (
				3D8954DC20CA7C5C00C104EC /* LaunchScreen.storyboard in Resources */,
				3D8954D920CA7C5C00C104EC /* Assets.xcassets in Resources */,
				3D8954D720CA7C5B00C104EC /* Main.storyboard in Resources */,
			);
			runOnlyForDeploymentPostprocessing = 0;
		};
/* End PBXResourcesBuildPhase section */

/* Begin PBXSourcesBuildPhase section */
		3D8954C820CA7C5B00C104EC /* Sources */ = {
			isa = PBXSourcesBuildPhase;
			buildActionMask = 2147483647;
			files = (
				3D8954D420CA7C5B00C104EC /* ViewController.m in Sources */,
				3D8954DF20CA7C5C00C104EC /* main.m in Sources */,
				3D8954D120CA7C5B00C104EC /* AppDelegate.m in Sources */,
			);
			runOnlyForDeploymentPostprocessing = 0;
		};
/* End PBXSourcesBuildPhase section */

/* Begin PBXVariantGroup section */
		3D8954D520CA7C5B00C104EC /* Main.storyboard */ = {
			isa = PBXVariantGroup;
			children = (
				3D8954D620CA7C5B00C104EC /* Base */,
			);
			name = Main.storyboard;
			sourceTree = "<group>";
		};
		3D8954DA20CA7C5C00C104EC /* LaunchScreen.storyboard */ = {
			isa = PBXVariantGroup;
			children = (
				3D8954DB20CA7C5C00C104EC /* Base */,
			);
			name = LaunchScreen.storyboard;
			sourceTree = "<group>";
		};
/* End PBXVariantGroup section */

/* Begin XCBuildConfiguration section */
		3D8954E020CA7C5C00C104EC /* Debug */ = {
			isa = XCBuildConfiguration;
			buildSettings = {
				ALWAYS_SEARCH_USER_PATHS = NO;
				CLANG_ANALYZER_NONNULL = YES;
				CLANG_ANALYZER_NUMBER_OBJECT_CONVERSION = YES_AGGRESSIVE;
				CLANG_CXX_LANGUAGE_STANDARD = "gnu++14";
				CLANG_CXX_LIBRARY = "libc++";
				CLANG_ENABLE_MODULES = YES;
				CLANG_ENABLE_OBJC_ARC = YES;
				CLANG_ENABLE_OBJC_WEAK = YES;
				CLANG_WARN_BLOCK_CAPTURE_AUTORELEASING = YES;
				CLANG_WARN_BOOL_CONVERSION = YES;
				CLANG_WARN_COMMA = YES;
				CLANG_WARN_CONSTANT_CONVERSION = YES;
				CLANG_WARN_DEPRECATED_OBJC_IMPLEMENTATIONS = YES;
				CLANG_WARN_DIRECT_OBJC_ISA_USAGE = YES_ERROR;
				CLANG_WARN_DOCUMENTATION_COMMENTS = YES;
				CLANG_WARN_EMPTY_BODY = YES;
				CLANG_WARN_ENUM_CONVERSION = YES;
				CLANG_WARN_INFINITE_RECURSION = YES;
				CLANG_WARN_INT_CONVERSION = YES;
				CLANG_WARN_NON_LITERAL_NULL_CONVERSION = YES;
				CLANG_WARN_OBJC_IMPLICIT_RETAIN_SELF = YES;
				CLANG_WARN_OBJC_LITERAL_CONVERSION = YES;
				CLANG_WARN_OBJC_ROOT_CLASS = YES_ERROR;
				CLANG_WARN_RANGE_LOOP_ANALYSIS = YES;
				CLANG_WARN_STRICT_PROTOTYPES = YES;
				CLANG_WARN_SUSPICIOUS_MOVE = YES;
				CLANG_WARN_UNGUARDED_AVAILABILITY = YES_AGGRESSIVE;
				CLANG_WARN_UNREACHABLE_CODE = YES;
				CLANG_WARN__DUPLICATE_METHOD_MATCH = YES;
				CODE_SIGN_IDENTITY = "iPhone Developer";
				COPY_PHASE_STRIP = NO;
				DEBUG_INFORMATION_FORMAT = dwarf;
				ENABLE_STRICT_OBJC_MSGSEND = YES;
				ENABLE_TESTABILITY = YES;
				GCC_C_LANGUAGE_STANDARD = gnu11;
				GCC_DYNAMIC_NO_PIC = NO;
				GCC_NO_COMMON_BLOCKS = YES;
				GCC_OPTIMIZATION_LEVEL = 0;
				GCC_PREPROCESSOR_DEFINITIONS = (
					"DEBUG=1",
					"$(inherited)",
				);
				GCC_WARN_64_TO_32_BIT_CONVERSION = YES;
				GCC_WARN_ABOUT_RETURN_TYPE = YES_ERROR;
				GCC_WARN_UNDECLARED_SELECTOR = YES;
				GCC_WARN_UNINITIALIZED_AUTOS = YES_AGGRESSIVE;
				GCC_WARN_UNUSED_FUNCTION = YES;
				GCC_WARN_UNUSED_VARIABLE = YES;
				IPHONEOS_DEPLOYMENT_TARGET = 11.3;
				MTL_ENABLE_DEBUG_INFO = YES;
				ONLY_ACTIVE_ARCH = YES;
				SDKROOT = iphoneos;
			};
			name = Debug;
		};
		3D8954E120CA7C5C00C104EC /* Release */ = {
			isa = XCBuildConfiguration;
			buildSettings = {
				ALWAYS_SEARCH_USER_PATHS = NO;
				CLANG_ANALYZER_NONNULL = YES;
				CLANG_ANALYZER_NUMBER_OBJECT_CONVERSION = YES_AGGRESSIVE;
				CLANG_CXX_LANGUAGE_STANDARD = "gnu++14";
				CLANG_CXX_LIBRARY = "libc++";
				CLANG_ENABLE_MODULES = YES;
				CLANG_ENABLE_OBJC_ARC = YES;
				CLANG_ENABLE_OBJC_WEAK = YES;
				CLANG_WARN_BLOCK_CAPTURE_AUTORELEASING = YES;
				CLANG_WARN_BOOL_CONVERSION = YES;
				CLANG_WARN_COMMA = YES;
				CLANG_WARN_CONSTANT_CONVERSION = YES;
				CLANG_WARN_DEPRECATED_OBJC_IMPLEMENTATIONS = YES;
				CLANG_WARN_DIRECT_OBJC_ISA_USAGE = YES_ERROR;
				CLANG_WARN_DOCUMENTATION_COMMENTS = YES;
				CLANG_WARN_EMPTY_BODY = YES;
				CLANG_WARN_ENUM_CONVERSION = YES;
				CLANG_WARN_INFINITE_RECURSION = YES;
				CLANG_WARN_INT_CONVERSION = YES;
				CLANG_WARN_NON_LITERAL_NULL_CONVERSION = YES;
				CLANG_WARN_OBJC_IMPLICIT_RETAIN_SELF = YES;
				CLANG_WARN_OBJC_LITERAL_CONVERSION = YES;
				CLANG_WARN_OBJC_ROOT_CLASS = YES_ERROR;
				CLANG_WARN_RANGE_LOOP_ANALYSIS = YES;
				CLANG_WARN_STRICT_PROTOTYPES = YES;
				CLANG_WARN_SUSPICIOUS_MOVE = YES;
				CLANG_WARN_UNGUARDED_AVAILABILITY = YES_AGGRESSIVE;
				CLANG_WARN_UNREACHABLE_CODE = YES;
				CLANG_WARN__DUPLICATE_METHOD_MATCH = YES;
				CODE_SIGN_IDENTITY = "iPhone Developer";
				COPY_PHASE_STRIP = NO;
				DEBUG_INFORMATION_FORMAT = "dwarf-with-dsym";
				ENABLE_NS_ASSERTIONS = NO;
				ENABLE_STRICT_OBJC_MSGSEND = YES;
				GCC_C_LANGUAGE_STANDARD = gnu11;
				GCC_NO_COMMON_BLOCKS = YES;
				GCC_WARN_64_TO_32_BIT_CONVERSION = YES;
				GCC_WARN_ABOUT_RETURN_TYPE = YES_ERROR;
				GCC_WARN_UNDECLARED_SELECTOR = YES;
				GCC_WARN_UNINITIALIZED_AUTOS = YES_AGGRESSIVE;
				GCC_WARN_UNUSED_FUNCTION = YES;
				GCC_WARN_UNUSED_VARIABLE = YES;
				IPHONEOS_DEPLOYMENT_TARGET = 11.3;
				MTL_ENABLE_DEBUG_INFO = NO;
				SDKROOT = iphoneos;
				VALIDATE_PRODUCT = YES;
			};
			name = Release;
		};
		3D8954E320CA7C5C00C104EC /* Debug */ = {
			isa = XCBuildConfiguration;
			buildSettings = {
				ASSETCATALOG_COMPILER_APPICON_NAME = AppIcon;
				CODE_SIGN_STYLE = Automatic;
				INFOPLIST_FILE = Dafa/Info.plist;
				LD_RUNPATH_SEARCH_PATHS = (
					"$(inherited)",
					"@executable_path/Frameworks",
				);
				PRODUCT_BUNDLE_IDENTIFIER = Unity.Dafa;
				PRODUCT_NAME = "$(TARGET_NAME)";
				TARGETED_DEVICE_FAMILY = "1,2";
			};
			name = Debug;
		};
		3D8954E420CA7C5C00C104EC /* Release */ = {
			isa = XCBuildConfiguration;
			buildSettings = {
				ASSETCATALOG_COMPILER_APPICON_NAME = AppIcon;
				CODE_SIGN_STYLE = Automatic;
				INFOPLIST_FILE = Dafa/Info.plist;
				LD_RUNPATH_SEARCH_PATHS = (
					"$(inherited)",
					"@executable_path/Frameworks",
				);
				PRODUCT_BUNDLE_IDENTIFIER = Unity.Dafa;
				PRODUCT_NAME = "$(TARGET_NAME)";
				TARGETED_DEVICE_FAMILY = "1,2";
			};
			name = Release;
		};
/* End XCBuildConfiguration section */

/* Begin XCConfigurationList section */
		3D8954C720CA7C5A00C104EC /* Build configuration list for PBXProject "Dafa" */ = {
			isa = XCConfigurationList;
			buildConfigurations = (
				3D8954E020CA7C5C00C104EC /* Debug */,
				3D8954E120CA7C5C00C104EC /* Release */,
			);
			defaultConfigurationIsVisible = 0;
			defaultConfigurationName = Release;
		};
		3D8954E220CA7C5C00C104EC /* Build configuration list for PBXNativeTarget "Dafa" */ = {
			isa = XCConfigurationList;
			buildConfigurations = (
				3D8954E320CA7C5C00C104EC /* Debug */,
				3D8954E420CA7C5C00C104EC /* Release */,
			);
			defaultConfigurationIsVisible = 0;
			defaultConfigurationName = Release;
		};
/* End XCConfigurationList section */
	};
	rootObject = 3D8954C420CA7C5A00C104EC /* Project object */;
}
